
Microsoft Visual Studio Solution File, Format Version 12.00
# Visual Studio Version 16
VisualStudioVersion = 16.0.30626.31
MinimumVisualStudioVersion = 10.0.40219.1
Project("{9A19103F-16F7-4668-BE54-9A1E7A4F7556}") = "Kuuube's_CHATTER_EXTERMINATOR", "Kuuube's_CHATTER_EXTERMINATOR.csproj", "{91B08978-9DA2-442D-AEB5-3028314019FB}"
EndProject
Project("{9A19103F-16F7-4668-BE54-9A1E7A4F7556}") = "OpenTabletDriver.Plugin", "..\.modules\OpenTabletDriver\OpenTabletDriver.Plugin\OpenTabletDriver.Plugin.csproj", "{F79555FA-3F36-4E0B-BEAA-3B7604243D8B}"
EndProject
Global
	GlobalSection(SolutionConfigurationPlatforms) = preSolution
		Debug|Any CPU = Debug|Any CPU
		Release|Any CPU = Release|Any CPU
	EndGlobalSection
	GlobalSection(ProjectConfigurationPlatforms) = postSolution
		{91B08978-9DA2-442D-AEB5-3028314019FB}.Debug|Any CPU.ActiveCfg = Debug|Any CPU
		{91B08978-9DA2-442D-AEB5-3028314019FB}.Debug|Any CPU.Build.0 = Debug|Any CPU
		{91B08978-9DA2-442D-AEB5-3028314019FB}.Release|Any CPU.ActiveCfg = Release|Any CPU
		{91B08978-9DA2-442D-AEB5-3028314019FB}.Release|Any CPU.Build.0 = Release|Any CPU
		{F79555FA-3F36-4E0B-BEAA-3B7604243D8B}.Debug|Any CPU.ActiveCfg = Debug|Any CPU
		{F79555FA-3F36-4E0B-BEAA-3B7604243D8B}.Debug|Any CPU.Build.0 = Debug|Any CPU
		{F79555FA-3F36-4E0B-BEAA-3B7604243D8B}.Release|Any CPU.ActiveCfg = Release|Any CPU
		{F79555FA-3F36-4E0B-BEAA-3B7604243D8B}.Release|Any CPU.Build.0 = Release|Any CPU
	EndGlobalSection
	GlobalSection(SolutionProperties) = preSolution
		HideSolutionNode = FALSE
	EndGlobalSection
	GlobalSection(ExtensibilityGlobals) = postSolution
		SolutionGuid = {1F77B73E-8B76-43DD-AA92-41A17D23F4D5}
	EndGlobalSection
EndGlobal
